PODS:
  - Capacitor (7.2.0):
    - CapacitorCordova
  - CapacitorApp (7.0.1):
    - Capacitor
  - CapacitorCamera (7.0.1):
    - Capacitor
  - CapacitorCommunityStripe (7.1.0):
    - Capacitor
    - StripeApplePay (~> 24.12.1)
    - StripePaymentSheet (~> 24.12.1)
  - CapacitorCordova (7.2.0)
  - CapacitorHaptics (7.0.1):
    - Capacitor
  - CapacitorKeyboard (7.0.1):
    - Capacitor
  - CapacitorStatusBar (7.0.1):
    - Capacitor
  - StripeApplePay (24.12.1):
    - StripeCore (= 24.12.1)
  - StripeCore (24.12.1)
  - StripePayments (24.12.1):
    - StripeCore (= 24.12.1)
    - StripePayments/Stripe3DS2 (= 24.12.1)
  - StripePayments/Stripe3DS2 (24.12.1):
    - StripeCore (= 24.12.1)
  - StripePaymentSheet (24.12.1):
    - StripeApplePay (= 24.12.1)
    - StripeCore (= 24.12.1)
    - StripePayments (= 24.12.1)
    - StripePaymentsUI (= 24.12.1)
  - StripePaymentsUI (24.12.1):
    - StripeCore (= 24.12.1)
    - StripePayments (= 24.12.1)
    - StripeUICore (= 24.12.1)
  - StripeUICore (24.12.1):
    - StripeCore (= 24.12.1)

DEPENDENCIES:
  - "Capacitor (from `../../node_modules/@capacitor/ios`)"
  - "CapacitorApp (from `../../node_modules/@capacitor/app`)"
  - "CapacitorCamera (from `../../node_modules/@capacitor/camera`)"
  - "CapacitorCommunityStripe (from `../../node_modules/@capacitor-community/stripe`)"
  - "CapacitorCordova (from `../../node_modules/@capacitor/ios`)"
  - "CapacitorHaptics (from `../../node_modules/@capacitor/haptics`)"
  - "CapacitorKeyboard (from `../../node_modules/@capacitor/keyboard`)"
  - "CapacitorStatusBar (from `../../node_modules/@capacitor/status-bar`)"

SPEC REPOS:
  trunk:
    - StripeApplePay
    - StripeCore
    - StripePayments
    - StripePaymentSheet
    - StripePaymentsUI
    - StripeUICore

EXTERNAL SOURCES:
  Capacitor:
    :path: "../../node_modules/@capacitor/ios"
  CapacitorApp:
    :path: "../../node_modules/@capacitor/app"
  CapacitorCamera:
    :path: "../../node_modules/@capacitor/camera"
  CapacitorCommunityStripe:
    :path: "../../node_modules/@capacitor-community/stripe"
  CapacitorCordova:
    :path: "../../node_modules/@capacitor/ios"
  CapacitorHaptics:
    :path: "../../node_modules/@capacitor/haptics"
  CapacitorKeyboard:
    :path: "../../node_modules/@capacitor/keyboard"
  CapacitorStatusBar:
    :path: "../../node_modules/@capacitor/status-bar"

SPEC CHECKSUMS:
  Capacitor: 03bc7cbdde6a629a8b910a9d7d78c3cc7ed09ea7
  CapacitorApp: febecbb9582cb353aed037e18ec765141f880fe9
  CapacitorCamera: 6e73f1fc6c629a672658705a02409b60854bc0f1
  CapacitorCommunityStripe: 5a8d2ee32b0e50b36505fac6d6991d2859aea2d7
  CapacitorCordova: 5967b9ba03915ef1d585469d6e31f31dc49be96f
  CapacitorHaptics: 1f1e17041f435d8ead9ff2a34edd592c6aa6a8d6
  CapacitorKeyboard: 09fd91dcde4f8a37313e7f11bde553ad1ed52036
  CapacitorStatusBar: 6e7af040d8fc4dd655999819625cae9c2d74c36f
  StripeApplePay: 3caeb241c08f79b5f11024a96409317b50347e71
  StripeCore: fba9a10801900090b54a4384b85384e55643cbf6
  StripePayments: 83c1b5d7b782d23030b606427726a793fee5d169
  StripePaymentSheet: b0c28bbb9b0704cdacd54facb84654d841202cec
  StripePaymentsUI: 9b84384e81adc9c24f599f1a8991fb52c767fc62
  StripeUICore: 186f245526e86ab02578abcc6bb6d27cc34084c6

PODFILE CHECKSUM: 5e47dcba97d1084b402c4726bb5e212c808517a1

COCOAPODS: 1.16.2
